// !$*UTF8*$!
{
	archiveVersion = 1;
	classes = {
	};
	objectVersion = 60;
	objects = {

/* Begin PBXBuildFile section */
		1141BE222CB44CD20068A621 /* PolicyList.swift in Sources */ = {isa = PBXBuildFile; fileRef = 1141BE1F2CB44CD20068A621 /* PolicyList.swift */; };
		1141BE232CB44CD20068A621 /* PolicyItem.swift in Sources */ = {isa = PBXBuildFile; fileRef = 1141BE1E2CB44CD20068A621 /* PolicyItem.swift */; };
		1141BE262CB44CE10068A621 /* Sis11AuthData.swift in Sources */ = {isa = PBXBuildFile; fileRef = 1141BE242CB44CE10068A621 /* Sis11AuthData.swift */; };
		1141BE2B2CB44CEB0068A621 /* MainView.swift in Sources */ = {isa = PBXBuildFile; fileRef = 1141BE292CB44CEB0068A621 /* MainView.swift */; };
		1141BE2C2CB44CEB0068A621 /* LoginView.swift in Sources */ = {isa = PBXBuildFile; fileRef = 1141BE282CB44CEB0068A621 /* LoginView.swift */; };
		1141BE2D2CB44CEB0068A621 /* HomeView.swift in Sources */ = {isa = PBXBuildFile; fileRef = 1141BE272CB44CEB0068A621 /* HomeView.swift */; };
		1165D2532CB4513600C57919 /* Sis11SDK in Frameworks */ = {isa = PBXBuildFile; productRef = 1165D2522CB4513600C57919 /* Sis11SDK */; };
		11C1C9F42C9BA29900576015 /* EquityDemoAppApp.swift in Sources */ = {isa = PBXBuildFile; fileRef = 11C1C9F32C9BA29900576015 /* EquityDemoAppApp.swift */; };
		11C1C9F62C9BA29900576015 /* ContentView.swift in Sources */ = {isa = PBXBuildFile; fileRef = 11C1C9F52C9BA29900576015 /* ContentView.swift */; };
		11C1C9F82C9BA29900576015 /* Item.swift in Sources */ = {isa = PBXBuildFile; fileRef = 11C1C9F72C9BA29900576015 /* Item.swift */; };
		11C1C9FA2C9BA29D00576015 /* Assets.xcassets in Resources */ = {isa = PBXBuildFile; fileRef = 11C1C9F92C9BA29D00576015 /* Assets.xcassets */; };
		11C1C9FE2C9BA29D00576015 /* Preview Assets.xcassets in Resources */ = {isa = PBXBuildFile; fileRef = 11C1C9FD2C9BA29D00576015 /* Preview Assets.xcassets */; };
/* End PBXBuildFile section */

/* Begin PBXFileReference section */
		1141BE1E2CB44CD20068A621 /* PolicyItem.swift */ = {isa = PBXFileReference; lastKnownFileType = sourcecode.swift; path = PolicyItem.swift; sourceTree = "<group>"; };
		1141BE1F2CB44CD20068A621 /* PolicyList.swift */ = {isa = PBXFileReference; lastKnownFileType = sourcecode.swift; path = PolicyList.swift; sourceTree = "<group>"; };
		1141BE242CB44CE10068A621 /* Sis11AuthData.swift */ = {isa = PBXFileReference; lastKnownFileType = sourcecode.swift; path = Sis11AuthData.swift; sourceTree = "<group>"; };
		1141BE272CB44CEB0068A621 /* HomeView.swift */ = {isa = PBXFileReference; lastKnownFileType = sourcecode.swift; path = HomeView.swift; sourceTree = "<group>"; };
		1141BE282CB44CEB0068A621 /* LoginView.swift */ = {isa = PBXFileReference; lastKnownFileType = sourcecode.swift; path = LoginView.swift; sourceTree = "<group>"; };
		1141BE292CB44CEB0068A621 /* MainView.swift */ = {isa = PBXFileReference; lastKnownFileType = sourcecode.swift; path = MainView.swift; sourceTree = "<group>"; };
		11C1C9F02C9BA29900576015 /* EquityDemoApp.app */ = {isa = PBXFileReference; explicitFileType = wrapper.application; includeInIndex = 0; path = EquityDemoApp.app; sourceTree = BUILT_PRODUCTS_DIR; };
		11C1C9F32C9BA29900576015 /* EquityDemoAppApp.swift */ = {isa = PBXFileReference; lastKnownFileType = sourcecode.swift; path = EquityDemoAppApp.swift; sourceTree = "<group>"; };
		11C1C9F52C9BA29900576015 /* ContentView.swift */ = {isa = PBXFileReference; lastKnownFileType = sourcecode.swift; path = ContentView.swift; sourceTree = "<group>"; };
		11C1C9F72C9BA29900576015 /* Item.swift */ = {isa = PBXFileReference; lastKnownFileType = sourcecode.swift; path = Item.swift; sourceTree = "<group>"; };
		11C1C9F92C9BA29D00576015 /* Assets.xcassets */ = {isa = PBXFileReference; lastKnownFileType = folder.assetcatalog; path = Assets.xcassets; sourceTree = "<group>"; };
		11C1C9FB2C9BA29D00576015 /* EquityDemoApp.entitlements */ = {isa = PBXFileReference; lastKnownFileType = text.plist.entitlements; path = EquityDemoApp.entitlements; sourceTree = "<group>"; };
		11C1C9FD2C9BA29D00576015 /* Preview Assets.xcassets */ = {isa = PBXFileReference; lastKnownFileType = folder.assetcatalog; path = "Preview Assets.xcassets"; sourceTree = "<group>"; };
/* End PBXFileReference section */

/* Begin PBXFrameworksBuildPhase section */
		11C1C9ED2C9BA29900576015 /* Frameworks */ = {
			isa = PBXFrameworksBuildPhase;
			buildActionMask = 2147483647;
			files = (
				1165D2532CB4513600C57919 /* Sis11SDK in Frameworks */,
			);
			runOnlyForDeploymentPostprocessing = 0;
		};
/* End PBXFrameworksBuildPhase section */

/* Begin PBXGroup section */
		1141BE202CB44CD20068A621 /* LifePolicy */ = {
			isa = PBXGroup;
			children = (
				1141BE1E2CB44CD20068A621 /* PolicyItem.swift */,
				1141BE1F2CB44CD20068A621 /* PolicyList.swift */,
			);
			path = LifePolicy;
			sourceTree = "<group>";
		};
		1141BE212CB44CD20068A621 /* Components */ = {
			isa = PBXGroup;
			children = (
				1141BE202CB44CD20068A621 /* LifePolicy */,
			);
			path = Components;
			sourceTree = "<group>";
		};
		1141BE252CB44CE10068A621 /* Models */ = {
			isa = PBXGroup;
			children = (
				1141BE242CB44CE10068A621 /* Sis11AuthData.swift */,
			);
			path = Models;
			sourceTree = "<group>";
		};
		1141BE2A2CB44CEB0068A621 /* Views */ = {
			isa = PBXGroup;
			children = (
				1141BE272CB44CEB0068A621 /* HomeView.swift */,
				1141BE282CB44CEB0068A621 /* LoginView.swift */,
				1141BE292CB44CEB0068A621 /* MainView.swift */,
			);
			path = Views;
			sourceTree = "<group>";
		};
		11C1C9E72C9BA29900576015 = {
			isa = PBXGroup;
			children = (
				11C1C9F22C9BA29900576015 /* EquityDemoApp */,
				11C1C9F12C9BA29900576015 /* Products */,
			);
			sourceTree = "<group>";
		};
		11C1C9F12C9BA29900576015 /* Products */ = {
			isa = PBXGroup;
			children = (
				11C1C9F02C9BA29900576015 /* EquityDemoApp.app */,
			);
			name = Products;
			sourceTree = "<group>";
		};
		11C1C9F22C9BA29900576015 /* EquityDemoApp */ = {
			isa = PBXGroup;
			children = (
				1141BE2A2CB44CEB0068A621 /* Views */,
				1141BE252CB44CE10068A621 /* Models */,
				1141BE212CB44CD20068A621 /* Components */,
				11C1C9F32C9BA29900576015 /* EquityDemoAppApp.swift */,
				11C1C9F52C9BA29900576015 /* ContentView.swift */,
				11C1C9F72C9BA29900576015 /* Item.swift */,
				11C1C9F92C9BA29D00576015 /* Assets.xcassets */,
				11C1C9FB2C9BA29D00576015 /* EquityDemoApp.entitlements */,
				11C1C9FC2C9BA29D00576015 /* Preview Content */,
			);
			path = EquityDemoApp;
			sourceTree = "<group>";
		};
		11C1C9FC2C9BA29D00576015 /* Preview Content */ = {
			isa = PBXGroup;
			children = (
				11C1C9FD2C9BA29D00576015 /* Preview Assets.xcassets */,
			);
			path = "Preview Content";
			sourceTree = "<group>";
		};
/* End PBXGroup section */

/* Begin PBXNativeTarget section */
		11C1C9EF2C9BA29900576015 /* EquityDemoApp */ = {
			isa = PBXNativeTarget;
			buildConfigurationList = 11C1CA012C9BA29D00576015 /* Build configuration list for PBXNativeTarget "EquityDemoApp" */;
			buildPhases = (
				11C1C9EC2C9BA29900576015 /* Sources */,
				11C1C9ED2C9BA29900576015 /* Frameworks */,
				11C1C9EE2C9BA29900576015 /* Resources */,
			);
			buildRules = (
			);
			dependencies = (
			);
			name = EquityDemoApp;
			productName = EquityDemoApp;
			productReference = 11C1C9F02C9BA29900576015 /* EquityDemoApp.app */;
			productType = "com.apple.product-type.application";
		};
/* End PBXNativeTarget section */

/* Begin PBXProject section */
		11C1C9E82C9BA29900576015 /* Project object */ = {
			isa = PBXProject;
			attributes = {
				BuildIndependentTargetsInParallel = 1;
				LastSwiftUpdateCheck = 1540;
				LastUpgradeCheck = 1540;
				TargetAttributes = {
					11C1C9EF2C9BA29900576015 = {
						CreatedOnToolsVersion = 15.4;
					};
				};
			};
			buildConfigurationList = 11C1C9EB2C9BA29900576015 /* Build configuration list for PBXProject "EquityDemoApp" */;
			compatibilityVersion = "Xcode 14.0";
			developmentRegion = en;
			hasScannedForEncodings = 0;
			knownRegions = (
				en,
				Base,
			);
			mainGroup = 11C1C9E72C9BA29900576015;
			packageReferences = (
				1165D2512CB4513500C57919 /* XCLocalSwiftPackageReference "../sis11sdk" */,
			);
			productRefGroup = 11C1C9F12C9BA29900576015 /* Products */;
			projectDirPath = "";
			projectRoot = "";
			targets = (
				11C1C9EF2C9BA29900576015 /* EquityDemoApp */,
			);
		};
/* End PBXProject section */

/* Begin PBXResourcesBuildPhase section */
		11C1C9EE2C9BA29900576015 /* Resources */ = {
			isa = PBXResourcesBuildPhase;
			buildActionMask = 2147483647;
			files = (
				11C1C9FE2C9BA29D00576015 /* Preview Assets.xcassets in Resources */,
				11C1C9FA2C9BA29D00576015 /* Assets.xcassets in Resources */,
			);
			runOnlyForDeploymentPostprocessing = 0;
		};
/* End PBXResourcesBuildPhase section */

/* Begin PBXSourcesBuildPhase section */
		11C1C9EC2C9BA29900576015 /* Sources */ = {
			isa = PBXSourcesBuildPhase;
			buildActionMask = 2147483647;
			files = (
				11C1C9F62C9BA29900576015 /* ContentView.swift in Sources */,
				1141BE222CB44CD20068A621 /* PolicyList.swift in Sources */,
				1141BE232CB44CD20068A621 /* PolicyItem.swift in Sources */,
				1141BE2B2CB44CEB0068A621 /* MainView.swift in Sources */,
				1141BE2C2CB44CEB0068A621 /* LoginView.swift in Sources */,
				1141BE2D2CB44CEB0068A621 /* HomeView.swift in Sources */,
				11C1C9F82C9BA29900576015 /* Item.swift in Sources */,
				11C1C9F42C9BA29900576015 /* EquityDemoAppApp.swift in Sources */,
				1141BE262CB44CE10068A621 /* Sis11AuthData.swift in Sources */,
			);
			runOnlyForDeploymentPostprocessing = 0;
		};
/* End PBXSourcesBuildPhase section */

/* Begin XCBuildConfiguration section */
		11C1C9FF2C9BA29D00576015 /* Debug */ = {
			isa = XCBuildConfiguration;
			buildSettings = {
				ALWAYS_SEARCH_USER_PATHS = NO;
				ASSETCATALOG_COMPILER_GENERATE_SWIFT_ASSET_SYMBOL_EXTENSIONS = YES;
				CLANG_ANALYZER_NONNULL = YES;
				CLANG_ANALYZER_NUMBER_OBJECT_CONVERSION = YES_AGGRESSIVE;
				CLANG_CXX_LANGUAGE_STANDARD = "gnu++20";
				CLANG_ENABLE_MODULES = YES;
				CLANG_ENABLE_OBJC_ARC = YES;
				CLANG_ENABLE_OBJC_WEAK = YES;
				CLANG_WARN_BLOCK_CAPTURE_AUTORELEASING = YES;
				CLANG_WARN_BOOL_CONVERSION = YES;
				CLANG_WARN_COMMA = YES;
				CLANG_WARN_CONSTANT_CONVERSION = YES;
				CLANG_WARN_DEPRECATED_OBJC_IMPLEMENTATIONS = YES;
				CLANG_WARN_DIRECT_OBJC_ISA_USAGE = YES_ERROR;
				CLANG_WARN_DOCUMENTATION_COMMENTS = YES;
				CLANG_WARN_EMPTY_BODY = YES;
				CLANG_WARN_ENUM_CONVERSION = YES;
				CLANG_WARN_INFINITE_RECURSION = YES;
				CLANG_WARN_INT_CONVERSION = YES;
				CLANG_WARN_NON_LITERAL_NULL_CONVERSION = YES;
				CLANG_WARN_OBJC_IMPLICIT_RETAIN_SELF = YES;
				CLANG_WARN_OBJC_LITERAL_CONVERSION = YES;
				CLANG_WARN_OBJC_ROOT_CLASS = YES_ERROR;
				CLANG_WARN_QUOTED_INCLUDE_IN_FRAMEWORK_HEADER = YES;
				CLANG_WARN_RANGE_LOOP_ANALYSIS = YES;
				CLANG_WARN_STRICT_PROTOTYPES = YES;
				CLANG_WARN_SUSPICIOUS_MOVE = YES;
				CLANG_WARN_UNGUARDED_AVAILABILITY = YES_AGGRESSIVE;
				CLANG_WARN_UNREACHABLE_CODE = YES;
				CLANG_WARN__DUPLICATE_METHOD_MATCH = YES;
				COPY_PHASE_STRIP = NO;
				DEBUG_INFORMATION_FORMAT = dwarf;
				ENABLE_STRICT_OBJC_MSGSEND = YES;
				ENABLE_TESTABILITY = YES;
				ENABLE_USER_SCRIPT_SANDBOXING = YES;
				GCC_C_LANGUAGE_STANDARD = gnu17;
				GCC_DYNAMIC_NO_PIC = NO;
				GCC_NO_COMMON_BLOCKS = YES;
				GCC_OPTIMIZATION_LEVEL = 0;
				GCC_PREPROCESSOR_DEFINITIONS = (
					"DEBUG=1",
					"$(inherited)",
				);
				GCC_WARN_64_TO_32_BIT_CONVERSION = YES;
				GCC_WARN_ABOUT_RETURN_TYPE = YES_ERROR;
				GCC_WARN_UNDECLARED_SELECTOR = YES;
				GCC_WARN_UNINITIALIZED_AUTOS = YES_AGGRESSIVE;
				GCC_WARN_UNUSED_FUNCTION = YES;
				GCC_WARN_UNUSED_VARIABLE = YES;
				LOCALIZATION_PREFERS_STRING_CATALOGS = YES;
				MTL_ENABLE_DEBUG_INFO = INCLUDE_SOURCE;
				MTL_FAST_MATH = YES;
				ONLY_ACTIVE_ARCH = YES;
				SWIFT_ACTIVE_COMPILATION_CONDITIONS = "DEBUG $(inherited)";
				SWIFT_OPTIMIZATION_LEVEL = "-Onone";
			};
			name = Debug;
		};
		11C1CA002C9BA29D00576015 /* Release */ = {
			isa = XCBuildConfiguration;
			buildSettings = {
				ALWAYS_SEARCH_USER_PATHS = NO;
				ASSETCATALOG_COMPILER_GENERATE_SWIFT_ASSET_SYMBOL_EXTENSIONS = YES;
				CLANG_ANALYZER_NONNULL = YES;
				CLANG_ANALYZER_NUMBER_OBJECT_CONVERSION = YES_AGGRESSIVE;
				CLANG_CXX_LANGUAGE_STANDARD = "gnu++20";
				CLANG_ENABLE_MODULES = YES;
				CLANG_ENABLE_OBJC_ARC = YES;
				CLANG_ENABLE_OBJC_WEAK = YES;
				CLANG_WARN_BLOCK_CAPTURE_AUTORELEASING = YES;
				CLANG_WARN_BOOL_CONVERSION = YES;
				CLANG_WARN_COMMA = YES;
				CLANG_WARN_CONSTANT_CONVERSION = YES;
				CLANG_WARN_DEPRECATED_OBJC_IMPLEMENTATIONS = YES;
				CLANG_WARN_DIRECT_OBJC_ISA_USAGE = YES_ERROR;
				CLANG_WARN_DOCUMENTATION_COMMENTS = YES;
				CLANG_WARN_EMPTY_BODY = YES;
				CLANG_WARN_ENUM_CONVERSION = YES;
				CLANG_WARN_INFINITE_RECURSION = YES;
				CLANG_WARN_INT_CONVERSION = YES;
				CLANG_WARN_NON_LITERAL_NULL_CONVERSION = YES;
				CLANG_WARN_OBJC_IMPLICIT_RETAIN_SELF = YES;
				CLANG_WARN_OBJC_LITERAL_CONVERSION = YES;
				CLANG_WARN_OBJC_ROOT_CLASS = YES_ERROR;
				CLANG_WARN_QUOTED_INCLUDE_IN_FRAMEWORK_HEADER = YES;
				CLANG_WARN_RANGE_LOOP_ANALYSIS = YES;
				CLANG_WARN_STRICT_PROTOTYPES = YES;
				CLANG_WARN_SUSPICIOUS_MOVE = YES;
				CLANG_WARN_UNGUARDED_AVAILABILITY = YES_AGGRESSIVE;
				CLANG_WARN_UNREACHABLE_CODE = YES;
				CLANG_WARN__DUPLICATE_METHOD_MATCH = YES;
				COPY_PHASE_STRIP = NO;
				DEBUG_INFORMATION_FORMAT = "dwarf-with-dsym";
				ENABLE_NS_ASSERTIONS = NO;
				ENABLE_STRICT_OBJC_MSGSEND = YES;
				ENABLE_USER_SCRIPT_SANDBOXING = YES;
				GCC_C_LANGUAGE_STANDARD = gnu17;
				GCC_NO_COMMON_BLOCKS = YES;
				GCC_WARN_64_TO_32_BIT_CONVERSION = YES;
				GCC_WARN_ABOUT_RETURN_TYPE = YES_ERROR;
				GCC_WARN_UNDECLARED_SELECTOR = YES;
				GCC_WARN_UNINITIALIZED_AUTOS = YES_AGGRESSIVE;
				GCC_WARN_UNUSED_FUNCTION = YES;
				GCC_WARN_UNUSED_VARIABLE = YES;
				LOCALIZATION_PREFERS_STRING_CATALOGS = YES;
				MTL_ENABLE_DEBUG_INFO = NO;
				MTL_FAST_MATH = YES;
				SWIFT_COMPILATION_MODE = wholemodule;
			};
			name = Release;
		};
		11C1CA022C9BA29D00576015 /* Debug */ = {
			isa = XCBuildConfiguration;
			buildSettings = {
				ASSETCATALOG_COMPILER_APPICON_NAME = AppIcon;
				ASSETCATALOG_COMPILER_GLOBAL_ACCENT_COLOR_NAME = AccentColor;
				CODE_SIGN_ENTITLEMENTS = EquityDemoApp/EquityDemoApp.entitlements;
				CODE_SIGN_STYLE = Automatic;
				CURRENT_PROJECT_VERSION = 1;
				DEVELOPMENT_ASSET_PATHS = "\"EquityDemoApp/Preview Content\"";
				DEVELOPMENT_TEAM = 7W8MBQD25D;
				ENABLE_HARDENED_RUNTIME = YES;
				ENABLE_PREVIEWS = YES;
				GENERATE_INFOPLIST_FILE = YES;
				"INFOPLIST_KEY_UIApplicationSceneManifest_Generation[sdk=iphoneos*]" = YES;
				"INFOPLIST_KEY_UIApplicationSceneManifest_Generation[sdk=iphonesimulator*]" = YES;
				"INFOPLIST_KEY_UIApplicationSupportsIndirectInputEvents[sdk=iphoneos*]" = YES;
				"INFOPLIST_KEY_UIApplicationSupportsIndirectInputEvents[sdk=iphonesimulator*]" = YES;
				"INFOPLIST_KEY_UILaunchScreen_Generation[sdk=iphoneos*]" = YES;
				"INFOPLIST_KEY_UILaunchScreen_Generation[sdk=iphonesimulator*]" = YES;
				"INFOPLIST_KEY_UIStatusBarStyle[sdk=iphoneos*]" = UIStatusBarStyleDefault;
				"INFOPLIST_KEY_UIStatusBarStyle[sdk=iphonesimulator*]" = UIStatusBarStyleDefault;
				INFOPLIST_KEY_UISupportedInterfaceOrientations_iPad = "UIInterfaceOrientationPortrait UIInterfaceOrientationPortraitUpsideDown UIInterfaceOrientationLandscapeLeft UIInterfaceOrientationLandscapeRight";
				INFOPLIST_KEY_UISupportedInterfaceOrientations_iPhone = "UIInterfaceOrientationPortrait UIInterfaceOrientationLandscapeLeft UIInterfaceOrientationLandscapeRight";
				IPHONEOS_DEPLOYMENT_TARGET = 17.0;
				LD_RUNPATH_SEARCH_PATHS = "@executable_path/Frameworks";
				"LD_RUNPATH_SEARCH_PATHS[sdk=macosx*]" = "@executable_path/../Frameworks";
				MACOSX_DEPLOYMENT_TARGET = 14.0;
				MARKETING_VERSION = 1.0;
				PRODUCT_BUNDLE_IDENTIFIER = "com.axxis-systems.EquityDemoApp";
				PRODUCT_NAME = "$(TARGET_NAME)";
				SDKROOT = auto;
				SUPPORTED_PLATFORMS = "iphoneos iphonesimulator macosx";
				SWIFT_EMIT_LOC_STRINGS = YES;
				SWIFT_VERSION = 5.0;
				TARGETED_DEVICE_FAMILY = "1,2";
			};
			name = Debug;
		};
		11C1CA032C9BA29D00576015 /* Release */ = {
			isa = XCBuildConfiguration;
			buildSettings = {
				ASSETCATALOG_COMPILER_APPICON_NAME = AppIcon;
				ASSETCATALOG_COMPILER_GLOBAL_ACCENT_COLOR_NAME = AccentColor;
				CODE_SIGN_ENTITLEMENTS = EquityDemoApp/EquityDemoApp.entitlements;
				CODE_SIGN_STYLE = Automatic;
				CURRENT_PROJECT_VERSION = 1;
				DEVELOPMENT_ASSET_PATHS = "\"EquityDemoApp/Preview Content\"";
				DEVELOPMENT_TEAM = 7W8MBQD25D;
				ENABLE_HARDENED_RUNTIME = YES;
				ENABLE_PREVIEWS = YES;
				GENERATE_INFOPLIST_FILE = YES;
				"INFOPLIST_KEY_UIApplicationSceneManifest_Generation[sdk=iphoneos*]" = YES;
				"INFOPLIST_KEY_UIApplicationSceneManifest_Generation[sdk=iphonesimulator*]" = YES;
				"INFOPLIST_KEY_UIApplicationSupportsIndirectInputEvents[sdk=iphoneos*]" = YES;
				"INFOPLIST_KEY_UIApplicationSupportsIndirectInputEvents[sdk=iphonesimulator*]" = YES;
				"INFOPLIST_KEY_UILaunchScreen_Generation[sdk=iphoneos*]" = YES;
				"INFOPLIST_KEY_UILaunchScreen_Generation[sdk=iphonesimulator*]" = YES;
				"INFOPLIST_KEY_UIStatusBarStyle[sdk=iphoneos*]" = UIStatusBarStyleDefault;
				"INFOPLIST_KEY_UIStatusBarStyle[sdk=iphonesimulator*]" = UIStatusBarStyleDefault;
				INFOPLIST_KEY_UISupportedInterfaceOrientations_iPad = "UIInterfaceOrientationPortrait UIInterfaceOrientationPortraitUpsideDown UIInterfaceOrientationLandscapeLeft UIInterfaceOrientationLandscapeRight";
				INFOPLIST_KEY_UISupportedInterfaceOrientations_iPhone = "UIInterfaceOrientationPortrait UIInterfaceOrientationLandscapeLeft UIInterfaceOrientationLandscapeRight";
				IPHONEOS_DEPLOYMENT_TARGET = 17.0;
				LD_RUNPATH_SEARCH_PATHS = "@executable_path/Frameworks";
				"LD_RUNPATH_SEARCH_PATHS[sdk=macosx*]" = "@executable_path/../Frameworks";
				MACOSX_DEPLOYMENT_TARGET = 14.0;
				MARKETING_VERSION = 1.0;
				PRODUCT_BUNDLE_IDENTIFIER = "com.axxis-systems.EquityDemoApp";
				PRODUCT_NAME = "$(TARGET_NAME)";
				SDKROOT = auto;
				SUPPORTED_PLATFORMS = "iphoneos iphonesimulator macosx";
				SWIFT_EMIT_LOC_STRINGS = YES;
				SWIFT_VERSION = 5.0;
				TARGETED_DEVICE_FAMILY = "1,2";
			};
			name = Release;
		};
/* End XCBuildConfiguration section */

/* Begin XCConfigurationList section */
		11C1C9EB2C9BA29900576015 /* Build configuration list for PBXProject "EquityDemoApp" */ = {
			isa = XCConfigurationList;
			buildConfigurations = (
				11C1C9FF2C9BA29D00576015 /* Debug */,
				11C1CA002C9BA29D00576015 /* Release */,
			);
			defaultConfigurationIsVisible = 0;
			defaultConfigurationName = Release;
		};
		11C1CA012C9BA29D00576015 /* Build configuration list for PBXNativeTarget "EquityDemoApp" */ = {
			isa = XCConfigurationList;
			buildConfigurations = (
				11C1CA022C9BA29D00576015 /* Debug */,
				11C1CA032C9BA29D00576015 /* Release */,
			);
			defaultConfigurationIsVisible = 0;
			defaultConfigurationName = Release;
		};
/* End XCConfigurationList section */

/* Begin XCLocalSwiftPackageReference section */
		1165D2512CB4513500C57919 /* XCLocalSwiftPackageReference "../sis11sdk" */ = {
			isa = XCLocalSwiftPackageReference;
			relativePath = ../sis11sdk;
		};
/* End XCLocalSwiftPackageReference section */

/* Begin XCSwiftPackageProductDependency section */
		1165D2522CB4513600C57919 /* Sis11SDK */ = {
			isa = XCSwiftPackageProductDependency;
			productName = Sis11SDK;
		};
/* End XCSwiftPackageProductDependency section */
	};
	rootObject = 11C1C9E82C9BA29900576015 /* Project object */;
}
